
Microsoft Visual Studio Solution File, Format Version 12.00
# Visual Studio Version 17
VisualStudioVersion = 17.7.34031.279
MinimumVisualStudioVersion = 10.0.40219.1
Project("{FAE04EC0-301F-11D3-BF4B-00C04F79EFBC}") = "AlgoritmusokRendezes", "AlgoritmusokRendezes\AlgoritmusokRendezes.csproj", "{5BF94BBD-058F-44E5-81AC-F39E17BF5AAD}"
EndProject
Project("{FAE04EC0-301F-11D3-BF4B-00C04F79EFBC}") = "Buborekos", "Buborekos\Buborekos.csproj", "{02F5322A-C913-403E-AFB2-63E582F53492}"
EndProject
Project("{FAE04EC0-301F-11D3-BF4B-00C04F79EFBC}") = "MaximumKivalasztas", "MaximumKivalasztas\MaximumKivalasztas.csproj", "{CF11A38B-C8FA-4755-AE49-40366AE03050}"
EndProject
Project("{FAE04EC0-301F-11D3-BF4B-00C04F79EFBC}") = "Megszamolas", "Megszamolas\Megszamolas.csproj", "{F71E1DAB-586F-4729-A68D-325B64F89570}"
EndProject
Project("{FAE04EC0-301F-11D3-BF4B-00C04F79EFBC}") = "MinimumKivalasztas", "MinimumKivalasztas\MinimumKivalasztas.csproj", "{3B74CA9D-660D-4839-9457-AF1E5894BE15}"
EndProject
Project("{FAE04EC0-301F-11D3-BF4B-00C04F79EFBC}") = "Osszegzes", "Osszegzes\Osszegzes.csproj", "{702CCC31-E927-4197-8AC3-176600CA5A53}"
EndProject
Global
	GlobalSection(SolutionConfigurationPlatforms) = preSolution
		Debug|Any CPU = Debug|Any CPU
		Release|Any CPU = Release|Any CPU
	EndGlobalSection
	GlobalSection(ProjectConfigurationPlatforms) = postSolution
		{5BF94BBD-058F-44E5-81AC-F39E17BF5AAD}.Debug|Any CPU.ActiveCfg = Debug|Any CPU
		{5BF94BBD-058F-44E5-81AC-F39E17BF5AAD}.Debug|Any CPU.Build.0 = Debug|Any CPU
		{5BF94BBD-058F-44E5-81AC-F39E17BF5AAD}.Release|Any CPU.ActiveCfg = Release|Any CPU
		{5BF94BBD-058F-44E5-81AC-F39E17BF5AAD}.Release|Any CPU.Build.0 = Release|Any CPU
		{02F5322A-C913-403E-AFB2-63E582F53492}.Debug|Any CPU.ActiveCfg = Debug|Any CPU
		{02F5322A-C913-403E-AFB2-63E582F53492}.Debug|Any CPU.Build.0 = Debug|Any CPU
		{02F5322A-C913-403E-AFB2-63E582F53492}.Release|Any CPU.ActiveCfg = Release|Any CPU
		{02F5322A-C913-403E-AFB2-63E582F53492}.Release|Any CPU.Build.0 = Release|Any CPU
		{CF11A38B-C8FA-4755-AE49-40366AE03050}.Debug|Any CPU.ActiveCfg = Debug|Any CPU
		{CF11A38B-C8FA-4755-AE49-40366AE03050}.Debug|Any CPU.Build.0 = Debug|Any CPU
		{CF11A38B-C8FA-4755-AE49-40366AE03050}.Release|Any CPU.ActiveCfg = Release|Any CPU
		{CF11A38B-C8FA-4755-AE49-40366AE03050}.Release|Any CPU.Build.0 = Release|Any CPU
		{F71E1DAB-586F-4729-A68D-325B64F89570}.Debug|Any CPU.ActiveCfg = Debug|Any CPU
		{F71E1DAB-586F-4729-A68D-325B64F89570}.Debug|Any CPU.Build.0 = Debug|Any CPU
		{F71E1DAB-586F-4729-A68D-325B64F89570}.Release|Any CPU.ActiveCfg = Release|Any CPU
		{F71E1DAB-586F-4729-A68D-325B64F89570}.Release|Any CPU.Build.0 = Release|Any CPU
		{3B74CA9D-660D-4839-9457-AF1E5894BE15}.Debug|Any CPU.ActiveCfg = Debug|Any CPU
		{3B74CA9D-660D-4839-9457-AF1E5894BE15}.Debug|Any CPU.Build.0 = Debug|Any CPU
		{3B74CA9D-660D-4839-9457-AF1E5894BE15}.Release|Any CPU.ActiveCfg = Release|Any CPU
		{3B74CA9D-660D-4839-9457-AF1E5894BE15}.Release|Any CPU.Build.0 = Release|Any CPU
		{702CCC31-E927-4197-8AC3-176600CA5A53}.Debug|Any CPU.ActiveCfg = Debug|Any CPU
		{702CCC31-E927-4197-8AC3-176600CA5A53}.Debug|Any CPU.Build.0 = Debug|Any CPU
		{702CCC31-E927-4197-8AC3-176600CA5A53}.Release|Any CPU.ActiveCfg = Release|Any CPU
		{702CCC31-E927-4197-8AC3-176600CA5A53}.Release|Any CPU.Build.0 = Release|Any CPU
	EndGlobalSection
	GlobalSection(SolutionProperties) = preSolution
		HideSolutionNode = FALSE
	EndGlobalSection
	GlobalSection(ExtensibilityGlobals) = postSolution
		SolutionGuid = {27BDDF98-1949-4DFC-9561-ACF9D71AFBCE}
	EndGlobalSection
EndGlobal
